
Microsoft Visual Studio Solution File, Format Version 12.00
# Visual Studio Version 16
VisualStudioVersion = 16.0.29503.13
MinimumVisualStudioVersion = 10.0.40219.1
Project("{FAE04EC0-301F-11D3-BF4B-00C04F79EFBC}") = "Client", "Client\Client.csproj", "{2D01602B-CE38-4484-B9B9-933ADBC9479B}"
EndProject
Global
	GlobalSection(SolutionConfigurationPlatforms) = preSolution
		Debug|Any CPU = Debug|Any CPU
		Release|Any CPU = Release|Any CPU
	EndGlobalSection
	GlobalSection(ProjectConfigurationPlatforms) = postSolution
		{2D01602B-CE38-4484-B9B9-933ADBC9479B}.Debug|Any CPU.ActiveCfg = Debug|Any CPU
		{2D01602B-CE38-4484-B9B9-933ADBC9479B}.Debug|Any CPU.Build.0 = Debug|Any CPU
		{2D01602B-CE38-4484-B9B9-933ADBC9479B}.Release|Any CPU.ActiveCfg = Release|Any CPU
		{2D01602B-CE38-4484-B9B9-933ADBC9479B}.Release|Any CPU.Build.0 = Release|Any CPU
	EndGlobalSection
	GlobalSection(SolutionProperties) = preSolution
		HideSolutionNode = FALSE
	EndGlobalSection
	GlobalSection(ExtensibilityGlobals) = postSolution
		SolutionGuid = {9903FAE2-B290-4A29-91DB-AC57E11259AE}
	EndGlobalSection
EndGlobal
